{
  "name": "ap-profile-presentation",
  "version": "1.0.0",
  "lockfileVersion": 1,
  "requires": true,
  "dependencies": {
    "animate.css": {
      "version": "4.1.0",
      "resolved": "https://registry.npmjs.org/animate.css/-/animate.css-4.1.0.tgz",
      "integrity": "sha512-0aVcfWDeU9ykV6vjn1P67ZSs01jxoUQZCGaYbkk0SIIelIG8kUdLrIkua1+VabHfTtsSivDRMMn0ILPvZum2gw=="
    },
    "reveal.js": {
      "version": "4.0.2",
      "resolved": "https://registry.npmjs.org/reveal.js/-/reveal.js-4.0.2.tgz",
      "integrity": "sha512-LWZSUenufF1gpD7npxJ7KfoQQFKgc1D6XrLTFgKlwWNP1BQ74hT48KONFWMAw+8R/QUeaScCLCLrBVHDfFIEiw=="
    },
    "reveal.js-appearance": {
      "version": "1.0.7",
      "resolved": "https://registry.npmjs.org/reveal.js-appearance/-/reveal.js-appearance-1.0.7.tgz",
      "integrity": "sha512-9g9cFik/xy22Khi1QuqJ71sgxN+unuEs7xIByKM4ZRO269XbQBX02Qag3uHjoMAdCrLUFkncbbjxwzUtPIgYeQ=="
    }
  }
}
